
Microsoft Visual Studio Solution File, Format Version 12.00
Project("{FAE04EC0-301F-11D3-BF4B-00C04F79EFBC}") = "Trading", "Trading\Trading.csproj", "{465F0D7A-1083-4062-B635-6993F9187627}"
EndProject
Project("{FAE04EC0-301F-11D3-BF4B-00C04F79EFBC}") = "Models", "Models\Models.csproj", "{FDFE6968-0CD6-490C-B0C0-499E3FE8F4CA}"
EndProject
Project("{FAE04EC0-301F-11D3-BF4B-00C04F79EFBC}") = "DAL", "DAL\DAL.csproj", "{9C1A22FA-E1B5-41CD-B304-56BD00FC80C5}"
EndProject
Project("{FAE04EC0-301F-11D3-BF4B-00C04F79EFBC}") = "Services", "Services\Services.csproj", "{F922BCFD-E423-4319-B029-9FA79AA95DCB}"
EndProject
Global
	GlobalSection(SolutionConfigurationPlatforms) = preSolution
		Debug|Any CPU = Debug|Any CPU
		Release|Any CPU = Release|Any CPU
	EndGlobalSection
	GlobalSection(ProjectConfigurationPlatforms) = postSolution
		{465F0D7A-1083-4062-B635-6993F9187627}.Debug|Any CPU.ActiveCfg = Debug|Any CPU
		{465F0D7A-1083-4062-B635-6993F9187627}.Debug|Any CPU.Build.0 = Debug|Any CPU
		{465F0D7A-1083-4062-B635-6993F9187627}.Release|Any CPU.ActiveCfg = Release|Any CPU
		{465F0D7A-1083-4062-B635-6993F9187627}.Release|Any CPU.Build.0 = Release|Any CPU
		{FDFE6968-0CD6-490C-B0C0-499E3FE8F4CA}.Debug|Any CPU.ActiveCfg = Debug|Any CPU
		{FDFE6968-0CD6-490C-B0C0-499E3FE8F4CA}.Debug|Any CPU.Build.0 = Debug|Any CPU
		{FDFE6968-0CD6-490C-B0C0-499E3FE8F4CA}.Release|Any CPU.ActiveCfg = Release|Any CPU
		{FDFE6968-0CD6-490C-B0C0-499E3FE8F4CA}.Release|Any CPU.Build.0 = Release|Any CPU
		{9C1A22FA-E1B5-41CD-B304-56BD00FC80C5}.Debug|Any CPU.ActiveCfg = Debug|Any CPU
		{9C1A22FA-E1B5-41CD-B304-56BD00FC80C5}.Debug|Any CPU.Build.0 = Debug|Any CPU
		{9C1A22FA-E1B5-41CD-B304-56BD00FC80C5}.Release|Any CPU.ActiveCfg = Release|Any CPU
		{9C1A22FA-E1B5-41CD-B304-56BD00FC80C5}.Release|Any CPU.Build.0 = Release|Any CPU
		{F922BCFD-E423-4319-B029-9FA79AA95DCB}.Debug|Any CPU.ActiveCfg = Debug|Any CPU
		{F922BCFD-E423-4319-B029-9FA79AA95DCB}.Debug|Any CPU.Build.0 = Debug|Any CPU
		{F922BCFD-E423-4319-B029-9FA79AA95DCB}.Release|Any CPU.ActiveCfg = Release|Any CPU
		{F922BCFD-E423-4319-B029-9FA79AA95DCB}.Release|Any CPU.Build.0 = Release|Any CPU
	EndGlobalSection
EndGlobal
